
Microsoft Visual Studio Solution File, Format Version 12.00
# Visual Studio 15
VisualStudioVersion = 15.0.28307.329
MinimumVisualStudioVersion = 10.0.40219.1
Project("{9A19103F-16F7-4668-BE54-9A1E7A4F7556}") = "MultiTenantWebAPI", "MultiTenantWebAPI\MultiTenantWebAPI.csproj", "{6CF77CA1-8512-49B2-A64D-93424B3246EE}"
EndProject
Project("{9A19103F-16F7-4668-BE54-9A1E7A4F7556}") = "MultiTenantWebAPI.MultiTenant", "MultiTenantWebAPI.MultiTenant\MultiTenantWebAPI.MultiTenant.csproj", "{331BDFD2-DE26-4346-85D2-4363E5D27438}"
EndProject
Project("{9A19103F-16F7-4668-BE54-9A1E7A4F7556}") = "MultiTenantWebAPI.Core", "MultiTenantWebAPI.Core\MultiTenantWebAPI.Core.csproj", "{836DDECF-0482-4372-9585-71FA2A992634}"
EndProject
Project("{9A19103F-16F7-4668-BE54-9A1E7A4F7556}") = "MultiTenantWebAPI.Domain", "MultiTenantWebAPI.Domain\MultiTenantWebAPI.Domain.csproj", "{A92E0318-F215-4644-A9F4-1AA077D9F4B1}"
EndProject
Project("{FAE04EC0-301F-11D3-BF4B-00C04F79EFBC}") = "MultiTenantWebAPI.Data", "MultiTenantWebAPI.Data\MultiTenantWebAPI.Data.csproj", "{B207D539-B68F-4F6C-8597-B1C0AE70D7F3}"
EndProject
Global
	GlobalSection(SolutionConfigurationPlatforms) = preSolution
		Debug|Any CPU = Debug|Any CPU
		Release|Any CPU = Release|Any CPU
	EndGlobalSection
	GlobalSection(ProjectConfigurationPlatforms) = postSolution
		{6CF77CA1-8512-49B2-A64D-93424B3246EE}.Debug|Any CPU.ActiveCfg = Debug|Any CPU
		{6CF77CA1-8512-49B2-A64D-93424B3246EE}.Debug|Any CPU.Build.0 = Debug|Any CPU
		{6CF77CA1-8512-49B2-A64D-93424B3246EE}.Release|Any CPU.ActiveCfg = Release|Any CPU
		{6CF77CA1-8512-49B2-A64D-93424B3246EE}.Release|Any CPU.Build.0 = Release|Any CPU
		{331BDFD2-DE26-4346-85D2-4363E5D27438}.Debug|Any CPU.ActiveCfg = Debug|Any CPU
		{331BDFD2-DE26-4346-85D2-4363E5D27438}.Debug|Any CPU.Build.0 = Debug|Any CPU
		{331BDFD2-DE26-4346-85D2-4363E5D27438}.Release|Any CPU.ActiveCfg = Release|Any CPU
		{331BDFD2-DE26-4346-85D2-4363E5D27438}.Release|Any CPU.Build.0 = Release|Any CPU
		{836DDECF-0482-4372-9585-71FA2A992634}.Debug|Any CPU.ActiveCfg = Debug|Any CPU
		{836DDECF-0482-4372-9585-71FA2A992634}.Debug|Any CPU.Build.0 = Debug|Any CPU
		{836DDECF-0482-4372-9585-71FA2A992634}.Release|Any CPU.ActiveCfg = Release|Any CPU
		{836DDECF-0482-4372-9585-71FA2A992634}.Release|Any CPU.Build.0 = Release|Any CPU
		{A92E0318-F215-4644-A9F4-1AA077D9F4B1}.Debug|Any CPU.ActiveCfg = Debug|Any CPU
		{A92E0318-F215-4644-A9F4-1AA077D9F4B1}.Debug|Any CPU.Build.0 = Debug|Any CPU
		{A92E0318-F215-4644-A9F4-1AA077D9F4B1}.Release|Any CPU.ActiveCfg = Release|Any CPU
		{A92E0318-F215-4644-A9F4-1AA077D9F4B1}.Release|Any CPU.Build.0 = Release|Any CPU
		{B207D539-B68F-4F6C-8597-B1C0AE70D7F3}.Debug|Any CPU.ActiveCfg = Debug|Any CPU
		{B207D539-B68F-4F6C-8597-B1C0AE70D7F3}.Debug|Any CPU.Build.0 = Debug|Any CPU
		{B207D539-B68F-4F6C-8597-B1C0AE70D7F3}.Release|Any CPU.ActiveCfg = Release|Any CPU
		{B207D539-B68F-4F6C-8597-B1C0AE70D7F3}.Release|Any CPU.Build.0 = Release|Any CPU
	EndGlobalSection
	GlobalSection(SolutionProperties) = preSolution
		HideSolutionNode = FALSE
	EndGlobalSection
	GlobalSection(ExtensibilityGlobals) = postSolution
		SolutionGuid = {7DDF9CAC-EB31-4DA7-B841-BAD79099FEBD}
	EndGlobalSection
EndGlobal
